
Microsoft Visual Studio Solution File, Format Version 12.00
# Visual Studio Version 17
VisualStudioVersion = 17.14.36121.58 d17.14
MinimumVisualStudioVersion = 10.0.40219.1
Project("{54A90642-561A-4BB1-A94E-469ADEE60C69}") = "todoapp", "todoapp.esproj", "{8B80FDF6-FAE3-8868-5959-9D6B713B8574}"
EndProject
Global
	GlobalSection(SolutionConfigurationPlatforms) = preSolution
		Debug|Any CPU = Debug|Any CPU
		Release|Any CPU = Release|Any CPU
	EndGlobalSection
	GlobalSection(ProjectConfigurationPlatforms) = postSolution
		{8B80FDF6-FAE3-8868-5959-9D6B713B8574}.Debug|Any CPU.ActiveCfg = Debug|Any CPU
		{8B80FDF6-FAE3-8868-5959-9D6B713B8574}.Debug|Any CPU.Build.0 = Debug|Any CPU
		{8B80FDF6-FAE3-8868-5959-9D6B713B8574}.Debug|Any CPU.Deploy.0 = Debug|Any CPU
		{8B80FDF6-FAE3-8868-5959-9D6B713B8574}.Release|Any CPU.ActiveCfg = Release|Any CPU
		{8B80FDF6-FAE3-8868-5959-9D6B713B8574}.Release|Any CPU.Build.0 = Release|Any CPU
		{8B80FDF6-FAE3-8868-5959-9D6B713B8574}.Release|Any CPU.Deploy.0 = Release|Any CPU
	EndGlobalSection
	GlobalSection(SolutionProperties) = preSolution
		HideSolutionNode = FALSE
	EndGlobalSection
	GlobalSection(ExtensibilityGlobals) = postSolution
		SolutionGuid = {DD630B6F-CE14-4AAD-8DB6-4DE71A3FB6AE}
	EndGlobalSection
EndGlobal
